
Microsoft Visual Studio Solution File, Format Version 12.00
# Visual Studio Version 17
VisualStudioVersion = 17.5.33530.505
MinimumVisualStudioVersion = 10.0.40219.1
Project("{FAE04EC0-301F-11D3-BF4B-00C04F79EFBC}") = "WheyStore", "WheyStore\WheyStore.csproj", "{9A313778-7B8B-4768-B17F-52AAFEA7142D}"
EndProject
Project("{FAE04EC0-301F-11D3-BF4B-00C04F79EFBC}") = "BAL", "BAL\BAL.csproj", "{20800398-F9AD-49FC-A739-0B9C616837B3}"
EndProject
Project("{FAE04EC0-301F-11D3-BF4B-00C04F79EFBC}") = "DBL", "DBL\DBL.csproj", "{42D50449-0EB1-484A-9725-9BF491A0AE9C}"
EndProject
Global
	GlobalSection(SolutionConfigurationPlatforms) = preSolution
		Debug|Any CPU = Debug|Any CPU
		Release|Any CPU = Release|Any CPU
	EndGlobalSection
	GlobalSection(ProjectConfigurationPlatforms) = postSolution
		{9A313778-7B8B-4768-B17F-52AAFEA7142D}.Debug|Any CPU.ActiveCfg = Debug|Any CPU
		{9A313778-7B8B-4768-B17F-52AAFEA7142D}.Debug|Any CPU.Build.0 = Debug|Any CPU
		{9A313778-7B8B-4768-B17F-52AAFEA7142D}.Release|Any CPU.ActiveCfg = Release|Any CPU
		{9A313778-7B8B-4768-B17F-52AAFEA7142D}.Release|Any CPU.Build.0 = Release|Any CPU
		{20800398-F9AD-49FC-A739-0B9C616837B3}.Debug|Any CPU.ActiveCfg = Debug|Any CPU
		{20800398-F9AD-49FC-A739-0B9C616837B3}.Debug|Any CPU.Build.0 = Debug|Any CPU
		{20800398-F9AD-49FC-A739-0B9C616837B3}.Release|Any CPU.ActiveCfg = Release|Any CPU
		{20800398-F9AD-49FC-A739-0B9C616837B3}.Release|Any CPU.Build.0 = Release|Any CPU
		{42D50449-0EB1-484A-9725-9BF491A0AE9C}.Debug|Any CPU.ActiveCfg = Debug|Any CPU
		{42D50449-0EB1-484A-9725-9BF491A0AE9C}.Debug|Any CPU.Build.0 = Debug|Any CPU
		{42D50449-0EB1-484A-9725-9BF491A0AE9C}.Release|Any CPU.ActiveCfg = Release|Any CPU
		{42D50449-0EB1-484A-9725-9BF491A0AE9C}.Release|Any CPU.Build.0 = Release|Any CPU
	EndGlobalSection
	GlobalSection(SolutionProperties) = preSolution
		HideSolutionNode = FALSE
	EndGlobalSection
	GlobalSection(ExtensibilityGlobals) = postSolution
		SolutionGuid = {E5F62E53-7883-4202-85AF-705BAE98E1E4}
	EndGlobalSection
EndGlobal
